github.com/juju/ratelimit v1.0.1 h1:+7AIFJVQ0EQgq/K9+0Krm7m530Du7tIz0METWzN0RgY=
github.com/juju/ratelimit v1.0.1/go.mod h1:qapgC/Gy+xNh9UxzV13HGGl/6UXNN+ct+vwSgWNm/qk=
github.com/rjeczalik/notify v0.0.0-20171210154511-e1801ee34d54 h1:N2//egkhnGo51CoFA13EjAQjVon7R8HetipLFPGd2Ow=
github.com/rjeczalik/notify v0.0.0-20171210154511-e1801ee34d54/go.mod h1:rKwnCoCGeuQnwBtTSPL9Dad03Vh2n40ePRrjvIXnJho=
golang.org/x/sys v0.0.0-20171222143536-83801418e1b5 h1:2k9P7RP0OBdZAif5o4fN+SddnLEnUa2d8nHJnE45SOE=
golang.org/x/sys v0.0.0-20171222143536-83801418e1b5/go.mod h1:STP8DvDyc/dI5b8T5hshtkjS+E42TnysNCUPdjciGhY=
golang.org/x/sys v0.10.0 h1:SqMFp9UcQJZa+pmYuAKjd9xq1f0j5rLcDIk0mj4qAsA=
golang.org/x/sys v0.10.0/go.mod h1:oPkhp1MJrh7nUepCBck5+mAzfO9JrbApNNgaTdGDITg=
golang.org/x/time v0.3.0 h1:rg5rLMjNzMS1RkNLzCG38eapWhnYLFYXDXj2gOlr8j4=
golang.org/x/time v0.3.0/go.mod h1:tRJNPiyCQ0inRvYxbN9jk5I+vvW/OXSQhTDSoE431IQ=
k8s.io/apimachinery v0.0.0-20171224013824-bc1325710437 h1:m9DULyRJ71oQf0Z9TOS+zkIc4vgTiCVIfNk2mqO7ocY=
k8s.io/apimachinery v0.0.0-20171224013824-bc1325710437/go.mod h1:ccL7Eh7zubPUSh9A3USN90/OzHNSVN6zxzde07TDCL0=
k8s.io/apimachinery v0.28.2 h1:KCOJLrc6gu+wV1BYgwik4AF4vXOlVJPdiqn0yAWWwXQ=
k8s.io/apimachinery v0.28.2/go.mod h1:RdzF87y/ngqk9H4z3EL2Rppv5jj95vGS/HaFXrLDApU=
k8s.io/client-go v0.28.2 h1:DNoYI1vGq0slMBN/SWKMZMw0Rq+0EQW6/AK4v9+3VeY=
k8s.io/client-go v0.28.2/go.mod h1:sMkApowspLuc7omj1FOSUxSoqjr+d5Q0Yc0LOFnYFJY=
k8s.io/client-go v6.0.0+incompatible h1:QVR0YsL5jUAs8IB2sHb7IANUK6FYv6CpNLpSPke7R2Q=
k8s.io/client-go v6.0.0+incompatible/go.mod h1:7vJpHMYJwNQCWgzmNV+VYUl1zCObLyodBc8nIyt8L5s=
k8s.io/utils v0.0.0-20230406110748-d93618cff8a2 h1:qY1Ad8PODbnymg2pRbkyMT/ylpTrCM8P2RJ0yroCyIk=
k8s.io/utils v0.0.0-20230406110748-d93618cff8a2/go.mod h1:OLgZIPagt7ERELqWJFomSt595RzquPNLL48iOWgYOg0=
